<?xml version="1.0" encoding="UTF-8" standalone="yes" ?>
<CodeBlocks_project_file>
	<FileVersion major="1" minor="6" />
	<Project>
		<Option title="TemporalExp_retina" />
		<Option pch_mode="2" />
		<Option compiler="gcc" />
		<Build>
			<Target title="Debug">
				<Option output="bin/Debug/TemporalExp_retina" prefix_auto="1" extension_auto="1" />
				<Option object_output="obj/Debug/" />
				<Option type="1" />
				<Option compiler="gcc" />
				<Compiler>
					<Add option="-g" />
				</Compiler>
				<Linker>
					<Add library="/usr/local/lib/libsundials_cvode.a" />
					<Add library="/usr/local/lib/libsundials_cvode.so" />
					<Add library="/usr/local/lib/libsundials_generic.a" />
					<Add library="/usr/local/lib/libsundials_generic.so" />
					<Add library="/usr/local/lib/libsundials_nvecmanyvector.a" />
					<Add library="/usr/local/lib/libsundials_nvecmanyvector.so" />
					<Add library="/usr/local/lib/libsundials_nvecserial.a" />
					<Add library="/usr/local/lib/libsundials_nvecserial.so" />
					<Add library="/usr/local/lib/libsundials_sunlinsolband.a" />
					<Add library="/usr/local/lib/libsundials_sunlinsolband.so" />
					<Add library="/usr/local/lib/libsundials_sunlinsoldense.a" />
					<Add library="/usr/local/lib/libsundials_sunlinsoldense.so" />
					<Add library="/usr/local/lib/libsundials_sunlinsolpcg.a" />
					<Add library="/usr/local/lib/libsundials_sunlinsolpcg.so" />
					<Add library="/usr/local/lib/libsundials_sunlinsolspbcgs.a" />
					<Add library="/usr/local/lib/libsundials_sunlinsolspbcgs.so" />
					<Add library="/usr/local/lib/libsundials_sunlinsolspfgmr.a" />
					<Add library="/usr/local/lib/libsundials_sunlinsolspfgmr.so" />
					<Add library="/usr/local/lib/libsundials_sunlinsolspgmr.a" />
					<Add library="/usr/local/lib/libsundials_sunlinsolspgmr.so" />
					<Add library="/usr/local/lib/libsundials_sunlinsolsptfqmr.a" />
					<Add library="/usr/local/lib/libsundials_sunlinsolsptfqmr.so" />
					<Add library="/usr/local/lib/libsundials_sunmatrixband.a" />
					<Add library="/usr/local/lib/libsundials_sunmatrixband.so" />
					<Add library="/usr/local/lib/libsundials_sunmatrixdense.a" />
					<Add library="/usr/local/lib/libsundials_sunmatrixdense.so" />
					<Add library="/usr/local/lib/libsundials_sunmatrixsparse.a" />
					<Add library="/usr/local/lib/libsundials_sunmatrixsparse.so" />
					<Add library="/usr/local/lib/libsundials_sunnonlinsolfixedpoint.a" />
					<Add library="/usr/local/lib/libsundials_sunnonlinsolfixedpoint.so" />
					<Add library="/usr/local/lib/libsundials_sunnonlinsolnewton.a" />
					<Add library="/usr/local/lib/libsundials_sunnonlinsolnewton.so" />
				</Linker>
			</Target>
			<Target title="Release">
				<Option output="bin/Release/TemporalExp_retina" prefix_auto="1" extension_auto="1" />
				<Option object_output="obj/Release/" />
				<Option type="1" />
				<Option compiler="gcc" />
				<Compiler>
					<Add option="-O2" />
				</Compiler>
				<Linker>
					<Add option="-s" />
				</Linker>
			</Target>
		</Build>
		<Compiler>
			<Add option="-Wall" />
		</Compiler>
		<Unit filename="main.c">
			<Option compilerVar="CC" />
		</Unit>
		<Extensions>
			<code_completion />
			<debugger />
		</Extensions>
	</Project>
</CodeBlocks_project_file>
